# THIS IS AN AUTOGENERATED FILE. DO NOT EDIT THIS FILE DIRECTLY.
# yarn lockfile v1


babel-polyfill@^6.26.0:
  version "6.26.0"
  resolved "https://registry.yarnpkg.com/babel-polyfill/-/babel-polyfill-6.26.0.tgz#379937abc67d7895970adc621f284cd966cf2153"
  dependencies:
    babel-runtime "^6.26.0"
    core-js "^2.5.0"
    regenerator-runtime "^0.10.5"

babel-runtime@^6.26.0:
  version "6.26.0"
  resolved "https://registry.yarnpkg.com/babel-runtime/-/babel-runtime-6.26.0.tgz#965c7058668e82b55d7bfe04ff2337bc8b5647fe"
  dependencies:
    core-js "^2.4.0"
    regenerator-runtime "^0.11.0"

core-js@^2.4.0, core-js@^2.5.0:
  version "2.5.7"
  resolved "https://registry.yarnpkg.com/core-js/-/core-js-2.5.7.tgz#f972608ff0cead68b841a16a932d0b183791814e"

custom-event-polyfill@^0.3.0:
  version "0.3.0"
  resolved "https://registry.yarnpkg.com/custom-event-polyfill/-/custom-event-polyfill-0.3.0.tgz#99807839be62edb446b645832e0d80ead6fa1888"

loadjs@^3.5.4:
  version "3.5.4"
  resolved "https://registry.yarnpkg.com/loadjs/-/loadjs-3.5.4.tgz#ef0f4eb5a6ac2b86c7597a3d4de97b83816e36b8"

plyr@^3.3.21:
  version "3.3.21"
  resolved "https://registry.yarnpkg.com/plyr/-/plyr-3.3.21.tgz#843c471937ab81b0f0de893066c1158fd7615d55"
  dependencies:
    babel-polyfill "^6.26.0"
    custom-event-polyfill "^0.3.0"
    loadjs "^3.5.4"
    raven-js "^3.26.3"
    url-polyfill "^1.0.13"

raven-js@^3.26.3:
  version "3.26.3"
  resolved "https://registry.yarnpkg.com/raven-js/-/raven-js-3.26.3.tgz#0efb49969b5b11ab965f7b0d6da4ca102b763cb0"

regenerator-runtime@^0.10.5:
  version "0.10.5"
  resolved "https://registry.yarnpkg.com/regenerator-runtime/-/regenerator-runtime-0.10.5.tgz#336c3efc1220adcedda2c9fab67b5a7955a33658"

regenerator-runtime@^0.11.0:
  version "0.11.1"
  resolved "https://registry.yarnpkg.com/regenerator-runtime/-/regenerator-runtime-0.11.1.tgz#be05ad7f9bf7d22e056f9726cee5017fbf19e2e9"

url-polyfill@^1.0.13:
  version "1.0.13"
  resolved "https://registry.yarnpkg.com/url-polyfill/-/url-polyfill-1.0.13.tgz#5324c5e6e3d3bafdc93a73c21def21e8b697c910"
